
Microsoft Visual Studio Solution File, Format Version 12.00
# Visual Studio 2013
VisualStudioVersion = 12.0.40629.0
MinimumVisualStudioVersion = 10.0.40219.1
Project("{FAE04EC0-301F-11D3-BF4B-00C04F79EFBC}") = "SND", "SND\SND.csproj", "{C009872C-0165-4A7B-A3D1-B70795AB6BE3}"
EndProject
Project("{2150E333-8FDC-42A3-9474-1A3956D46DE8}") = ".nuget", ".nuget", "{20284967-D48A-410D-8804-DC3A2E5DDD37}"
	ProjectSection(SolutionItems) = preProject
		.nuget\NuGet.Config = .nuget\NuGet.Config
		.nuget\NuGet.exe = .nuget\NuGet.exe
		.nuget\NuGet.targets = .nuget\NuGet.targets
	EndProjectSection
EndProject
Project("{FAE04EC0-301F-11D3-BF4B-00C04F79EFBC}") = "MongoDbRun", "MongoDbRun\MongoDbRun.csproj", "{9079C08C-EDEC-4E1D-9EA8-6F6DB5D4D09B}"
EndProject
Global
	GlobalSection(SolutionConfigurationPlatforms) = preSolution
		Debug|Any CPU = Debug|Any CPU
		Release|Any CPU = Release|Any CPU
	EndGlobalSection
	GlobalSection(ProjectConfigurationPlatforms) = postSolution
		{C009872C-0165-4A7B-A3D1-B70795AB6BE3}.Debug|Any CPU.ActiveCfg = Debug|Any CPU
		{C009872C-0165-4A7B-A3D1-B70795AB6BE3}.Debug|Any CPU.Build.0 = Debug|Any CPU
		{C009872C-0165-4A7B-A3D1-B70795AB6BE3}.Release|Any CPU.ActiveCfg = Release|Any CPU
		{C009872C-0165-4A7B-A3D1-B70795AB6BE3}.Release|Any CPU.Build.0 = Release|Any CPU
		{9079C08C-EDEC-4E1D-9EA8-6F6DB5D4D09B}.Debug|Any CPU.ActiveCfg = Debug|Any CPU
		{9079C08C-EDEC-4E1D-9EA8-6F6DB5D4D09B}.Debug|Any CPU.Build.0 = Debug|Any CPU
		{9079C08C-EDEC-4E1D-9EA8-6F6DB5D4D09B}.Release|Any CPU.ActiveCfg = Release|Any CPU
		{9079C08C-EDEC-4E1D-9EA8-6F6DB5D4D09B}.Release|Any CPU.Build.0 = Release|Any CPU
	EndGlobalSection
	GlobalSection(SolutionProperties) = preSolution
		HideSolutionNode = FALSE
	EndGlobalSection
EndGlobal
